
Microsoft Visual Studio Solution File, Format Version 12.00
# Visual Studio Version 16
VisualStudioVersion = 16.0.31112.23
MinimumVisualStudioVersion = 10.0.40219.1
Project("{FAE04EC0-301F-11D3-BF4B-00C04F79EFBC}") = "EstudoXunity.Tests", "EstudoXunity.Tests\EstudoXunity.Tests.csproj", "{34A93679-6D9E-4BEC-AA19-242C6EF5C853}"
EndProject
Global
	GlobalSection(SolutionConfigurationPlatforms) = preSolution
		Debug|Any CPU = Debug|Any CPU
		Release|Any CPU = Release|Any CPU
	EndGlobalSection
	GlobalSection(ProjectConfigurationPlatforms) = postSolution
		{34A93679-6D9E-4BEC-AA19-242C6EF5C853}.Debug|Any CPU.ActiveCfg = Debug|Any CPU
		{34A93679-6D9E-4BEC-AA19-242C6EF5C853}.Debug|Any CPU.Build.0 = Debug|Any CPU
		{34A93679-6D9E-4BEC-AA19-242C6EF5C853}.Release|Any CPU.ActiveCfg = Release|Any CPU
		{34A93679-6D9E-4BEC-AA19-242C6EF5C853}.Release|Any CPU.Build.0 = Release|Any CPU
	EndGlobalSection
	GlobalSection(SolutionProperties) = preSolution
		HideSolutionNode = FALSE
	EndGlobalSection
	GlobalSection(ExtensibilityGlobals) = postSolution
		SolutionGuid = {FB316CC9-029E-40F6-81F4-A7CB9D2DD4C1}
	EndGlobalSection
EndGlobal
